
Microsoft Visual Studio Solution File, Format Version 12.00
# Visual Studio Version 16
VisualStudioVersion = 16.0.29728.190
MinimumVisualStudioVersion = 10.0.40219.1
Project("{FAE04EC0-301F-11D3-BF4B-00C04F79EFBC}") = "AppQuestionario.UWP", "AppQuestionario\AppQuestionario.UWP\AppQuestionario.UWP.csproj", "{D0324C62-84CA-4952-820E-82E4AAC4D1FE}"
EndProject
Project("{FAE04EC0-301F-11D3-BF4B-00C04F79EFBC}") = "AppQuestionario.Android", "AppQuestionario\AppQuestionario.Android\AppQuestionario.Android.csproj", "{5BEDB64D-FB77-4785-923B-4830043A6144}"
EndProject
Project("{FAE04EC0-301F-11D3-BF4B-00C04F79EFBC}") = "AppQuestionario.iOS", "AppQuestionario\AppQuestionario.iOS\AppQuestionario.iOS.csproj", "{A3C5D61A-17C7-4565-B779-910AB7DF9FBB}"
EndProject
Project("{FAE04EC0-301F-11D3-BF4B-00C04F79EFBC}") = "AppQuestionario", "AppQuestionario\AppQuestionario\AppQuestionario.csproj", "{CF7A0A6A-3279-406C-934B-594E1D20ED04}"
EndProject
Global
	GlobalSection(SolutionConfigurationPlatforms) = preSolution
		Debug|Any CPU = Debug|Any CPU
		Debug|ARM = Debug|ARM
		Debug|iPhone = Debug|iPhone
		Debug|iPhoneSimulator = Debug|iPhoneSimulator
		Debug|x64 = Debug|x64
		Debug|x86 = Debug|x86
		Release|Any CPU = Release|Any CPU
		Release|ARM = Release|ARM
		Release|iPhone = Release|iPhone
		Release|iPhoneSimulator = Release|iPhoneSimulator
		Release|x64 = Release|x64
		Release|x86 = Release|x86
	EndGlobalSection
	GlobalSection(ProjectConfigurationPlatforms) = postSolution
		{D0324C62-84CA-4952-820E-82E4AAC4D1FE}.Debug|Any CPU.ActiveCfg = Debug|x86
		{D0324C62-84CA-4952-820E-82E4AAC4D1FE}.Debug|Any CPU.Build.0 = Debug|x86
		{D0324C62-84CA-4952-820E-82E4AAC4D1FE}.Debug|Any CPU.Deploy.0 = Debug|x86
		{D0324C62-84CA-4952-820E-82E4AAC4D1FE}.Debug|ARM.ActiveCfg = Debug|ARM
		{D0324C62-84CA-4952-820E-82E4AAC4D1FE}.Debug|ARM.Build.0 = Debug|ARM
		{D0324C62-84CA-4952-820E-82E4AAC4D1FE}.Debug|ARM.Deploy.0 = Debug|ARM
		{D0324C62-84CA-4952-820E-82E4AAC4D1FE}.Debug|iPhone.ActiveCfg = Debug|x86
		{D0324C62-84CA-4952-820E-82E4AAC4D1FE}.Debug|iPhone.Build.0 = Debug|x86
		{D0324C62-84CA-4952-820E-82E4AAC4D1FE}.Debug|iPhone.Deploy.0 = Debug|x86
		{D0324C62-84CA-4952-820E-82E4AAC4D1FE}.Debug|iPhoneSimulator.ActiveCfg = Debug|x86
		{D0324C62-84CA-4952-820E-82E4AAC4D1FE}.Debug|iPhoneSimulator.Build.0 = Debug|x86
		{D0324C62-84CA-4952-820E-82E4AAC4D1FE}.Debug|iPhoneSimulator.Deploy.0 = Debug|x86
		{D0324C62-84CA-4952-820E-82E4AAC4D1FE}.Debug|x64.ActiveCfg = Debug|x64
		{D0324C62-84CA-4952-820E-82E4AAC4D1FE}.Debug|x64.Build.0 = Debug|x64
		{D0324C62-84CA-4952-820E-82E4AAC4D1FE}.Debug|x64.Deploy.0 = Debug|x64
		{D0324C62-84CA-4952-820E-82E4AAC4D1FE}.Debug|x86.ActiveCfg = Debug|x86
		{D0324C62-84CA-4952-820E-82E4AAC4D1FE}.Debug|x86.Build.0 = Debug|x86
		{D0324C62-84CA-4952-820E-82E4AAC4D1FE}.Debug|x86.Deploy.0 = Debug|x86
		{D0324C62-84CA-4952-820E-82E4AAC4D1FE}.Release|Any CPU.ActiveCfg = Release|x86
		{D0324C62-84CA-4952-820E-82E4AAC4D1FE}.Release|Any CPU.Build.0 = Release|x86
		{D0324C62-84CA-4952-820E-82E4AAC4D1FE}.Release|Any CPU.Deploy.0 = Release|x86
		{D0324C62-84CA-4952-820E-82E4AAC4D1FE}.Release|ARM.ActiveCfg = Release|ARM
		{D0324C62-84CA-4952-820E-82E4AAC4D1FE}.Release|ARM.Build.0 = Release|ARM
		{D0324C62-84CA-4952-820E-82E4AAC4D1FE}.Release|ARM.Deploy.0 = Release|ARM
		{D0324C62-84CA-4952-820E-82E4AAC4D1FE}.Release|iPhone.ActiveCfg = Release|x86
		{D0324C62-84CA-4952-820E-82E4AAC4D1FE}.Release|iPhone.Build.0 = Release|x86
		{D0324C62-84CA-4952-820E-82E4AAC4D1FE}.Release|iPhone.Deploy.0 = Release|x86
		{D0324C62-84CA-4952-820E-82E4AAC4D1FE}.Release|iPhoneSimulator.ActiveCfg = Release|x86
		{D0324C62-84CA-4952-820E-82E4AAC4D1FE}.Release|iPhoneSimulator.Build.0 = Release|x86
		{D0324C62-84CA-4952-820E-82E4AAC4D1FE}.Release|iPhoneSimulator.Deploy.0 = Release|x86
		{D0324C62-84CA-4952-820E-82E4AAC4D1FE}.Release|x64.ActiveCfg = Release|x64
		{D0324C62-84CA-4952-820E-82E4AAC4D1FE}.Release|x64.Build.0 = Release|x64
		{D0324C62-84CA-4952-820E-82E4AAC4D1FE}.Release|x64.Deploy.0 = Release|x64
		{D0324C62-84CA-4952-820E-82E4AAC4D1FE}.Release|x86.ActiveCfg = Release|x86
		{D0324C62-84CA-4952-820E-82E4AAC4D1FE}.Release|x86.Build.0 = Release|x86
		{D0324C62-84CA-4952-820E-82E4AAC4D1FE}.Release|x86.Deploy.0 = Release|x86
		{5BEDB64D-FB77-4785-923B-4830043A6144}.Debug|Any CPU.ActiveCfg = Debug|Any CPU
		{5BEDB64D-FB77-4785-923B-4830043A6144}.Debug|Any CPU.Build.0 = Debug|Any CPU
		{5BEDB64D-FB77-4785-923B-4830043A6144}.Debug|Any CPU.Deploy.0 = Debug|Any CPU
		{5BEDB64D-FB77-4785-923B-4830043A6144}.Debug|ARM.ActiveCfg = Debug|Any CPU
		{5BEDB64D-FB77-4785-923B-4830043A6144}.Debug|ARM.Build.0 = Debug|Any CPU
		{5BEDB64D-FB77-4785-923B-4830043A6144}.Debug|ARM.Deploy.0 = Debug|Any CPU
		{5BEDB64D-FB77-4785-923B-4830043A6144}.Debug|iPhone.ActiveCfg = Debug|Any CPU
		{5BEDB64D-FB77-4785-923B-4830043A6144}.Debug|iPhone.Build.0 = Debug|Any CPU
		{5BEDB64D-FB77-4785-923B-4830043A6144}.Debug|iPhone.Deploy.0 = Debug|Any CPU
		{5BEDB64D-FB77-4785-923B-4830043A6144}.Debug|iPhoneSimulator.ActiveCfg = Debug|Any CPU
		{5BEDB64D-FB77-4785-923B-4830043A6144}.Debug|iPhoneSimulator.Build.0 = Debug|Any CPU
		{5BEDB64D-FB77-4785-923B-4830043A6144}.Debug|iPhoneSimulator.Deploy.0 = Debug|Any CPU
		{5BEDB64D-FB77-4785-923B-4830043A6144}.Debug|x64.ActiveCfg = Debug|Any CPU
		{5BEDB64D-FB77-4785-923B-4830043A6144}.Debug|x64.Build.0 = Debug|Any CPU
		{5BEDB64D-FB77-4785-923B-4830043A6144}.Debug|x64.Deploy.0 = Debug|Any CPU
		{5BEDB64D-FB77-4785-923B-4830043A6144}.Debug|x86.ActiveCfg = Debug|Any CPU
		{5BEDB64D-FB77-4785-923B-4830043A6144}.Debug|x86.Build.0 = Debug|Any CPU
		{5BEDB64D-FB77-4785-923B-4830043A6144}.Debug|x86.Deploy.0 = Debug|Any CPU
		{5BEDB64D-FB77-4785-923B-4830043A6144}.Release|Any CPU.ActiveCfg = Release|Any CPU
		{5BEDB64D-FB77-4785-923B-4830043A6144}.Release|Any CPU.Build.0 = Release|Any CPU
		{5BEDB64D-FB77-4785-923B-4830043A6144}.Release|Any CPU.Deploy.0 = Release|Any CPU
		{5BEDB64D-FB77-4785-923B-4830043A6144}.Release|ARM.ActiveCfg = Release|Any CPU
		{5BEDB64D-FB77-4785-923B-4830043A6144}.Release|ARM.Build.0 = Release|Any CPU
		{5BEDB64D-FB77-4785-923B-4830043A6144}.Release|ARM.Deploy.0 = Release|Any CPU
		{5BEDB64D-FB77-4785-923B-4830043A6144}.Release|iPhone.ActiveCfg = Release|Any CPU
		{5BEDB64D-FB77-4785-923B-4830043A6144}.Release|iPhone.Build.0 = Release|Any CPU
		{5BEDB64D-FB77-4785-923B-4830043A6144}.Release|iPhone.Deploy.0 = Release|Any CPU
		{5BEDB64D-FB77-4785-923B-4830043A6144}.Release|iPhoneSimulator.ActiveCfg = Release|Any CPU
		{5BEDB64D-FB77-4785-923B-4830043A6144}.Release|iPhoneSimulator.Build.0 = Release|Any CPU
		{5BEDB64D-FB77-4785-923B-4830043A6144}.Release|iPhoneSimulator.Deploy.0 = Release|Any CPU
		{5BEDB64D-FB77-4785-923B-4830043A6144}.Release|x64.ActiveCfg = Release|Any CPU
		{5BEDB64D-FB77-4785-923B-4830043A6144}.Release|x64.Build.0 = Release|Any CPU
		{5BEDB64D-FB77-4785-923B-4830043A6144}.Release|x64.Deploy.0 = Release|Any CPU
		{5BEDB64D-FB77-4785-923B-4830043A6144}.Release|x86.ActiveCfg = Release|Any CPU
		{5BEDB64D-FB77-4785-923B-4830043A6144}.Release|x86.Build.0 = Release|Any CPU
		{5BEDB64D-FB77-4785-923B-4830043A6144}.Release|x86.Deploy.0 = Release|Any CPU
		{A3C5D61A-17C7-4565-B779-910AB7DF9FBB}.Debug|Any CPU.ActiveCfg = Debug|iPhone
		{A3C5D61A-17C7-4565-B779-910AB7DF9FBB}.Debug|Any CPU.Build.0 = Debug|iPhone
		{A3C5D61A-17C7-4565-B779-910AB7DF9FBB}.Debug|Any CPU.Deploy.0 = Debug|iPhone
		{A3C5D61A-17C7-4565-B779-910AB7DF9FBB}.Debug|ARM.ActiveCfg = Debug|iPhoneSimulator
		{A3C5D61A-17C7-4565-B779-910AB7DF9FBB}.Debug|ARM.Build.0 = Debug|iPhoneSimulator
		{A3C5D61A-17C7-4565-B779-910AB7DF9FBB}.Debug|ARM.Deploy.0 = Debug|iPhoneSimulator
		{A3C5D61A-17C7-4565-B779-910AB7DF9FBB}.Debug|iPhone.ActiveCfg = Debug|iPhone
		{A3C5D61A-17C7-4565-B779-910AB7DF9FBB}.Debug|iPhone.Build.0 = Debug|iPhone
		{A3C5D61A-17C7-4565-B779-910AB7DF9FBB}.Debug|iPhone.Deploy.0 = Debug|iPhone
		{A3C5D61A-17C7-4565-B779-910AB7DF9FBB}.Debug|iPhoneSimulator.ActiveCfg = Debug|iPhoneSimulator
		{A3C5D61A-17C7-4565-B779-910AB7DF9FBB}.Debug|iPhoneSimulator.Build.0 = Debug|iPhoneSimulator
		{A3C5D61A-17C7-4565-B779-910AB7DF9FBB}.Debug|iPhoneSimulator.Deploy.0 = Debug|iPhoneSimulator
		{A3C5D61A-17C7-4565-B779-910AB7DF9FBB}.Debug|x64.ActiveCfg = Debug|iPhone
		{A3C5D61A-17C7-4565-B779-910AB7DF9FBB}.Debug|x64.Build.0 = Debug|iPhone
		{A3C5D61A-17C7-4565-B779-910AB7DF9FBB}.Debug|x64.Deploy.0 = Debug|iPhone
		{A3C5D61A-17C7-4565-B779-910AB7DF9FBB}.Debug|x86.ActiveCfg = Debug|iPhone
		{A3C5D61A-17C7-4565-B779-910AB7DF9FBB}.Debug|x86.Build.0 = Debug|iPhone
		{A3C5D61A-17C7-4565-B779-910AB7DF9FBB}.Debug|x86.Deploy.0 = Debug|iPhone
		{A3C5D61A-17C7-4565-B779-910AB7DF9FBB}.Release|Any CPU.ActiveCfg = Release|iPhone
		{A3C5D61A-17C7-4565-B779-910AB7DF9FBB}.Release|Any CPU.Build.0 = Release|iPhone
		{A3C5D61A-17C7-4565-B779-910AB7DF9FBB}.Release|Any CPU.Deploy.0 = Release|iPhone
		{A3C5D61A-17C7-4565-B779-910AB7DF9FBB}.Release|ARM.ActiveCfg = Release|iPhone
		{A3C5D61A-17C7-4565-B779-910AB7DF9FBB}.Release|ARM.Build.0 = Release|iPhone
		{A3C5D61A-17C7-4565-B779-910AB7DF9FBB}.Release|ARM.Deploy.0 = Release|iPhone
		{A3C5D61A-17C7-4565-B779-910AB7DF9FBB}.Release|iPhone.ActiveCfg = Release|iPhone
		{A3C5D61A-17C7-4565-B779-910AB7DF9FBB}.Release|iPhone.Build.0 = Release|iPhone
		{A3C5D61A-17C7-4565-B779-910AB7DF9FBB}.Release|iPhone.Deploy.0 = Release|iPhone
		{A3C5D61A-17C7-4565-B779-910AB7DF9FBB}.Release|iPhoneSimulator.ActiveCfg = Release|iPhoneSimulator
		{A3C5D61A-17C7-4565-B779-910AB7DF9FBB}.Release|iPhoneSimulator.Build.0 = Release|iPhoneSimulator
		{A3C5D61A-17C7-4565-B779-910AB7DF9FBB}.Release|iPhoneSimulator.Deploy.0 = Release|iPhoneSimulator
		{A3C5D61A-17C7-4565-B779-910AB7DF9FBB}.Release|x64.ActiveCfg = Release|iPhone
		{A3C5D61A-17C7-4565-B779-910AB7DF9FBB}.Release|x64.Build.0 = Release|iPhone
		{A3C5D61A-17C7-4565-B779-910AB7DF9FBB}.Release|x64.Deploy.0 = Release|iPhone
		{A3C5D61A-17C7-4565-B779-910AB7DF9FBB}.Release|x86.ActiveCfg = Release|iPhone
		{A3C5D61A-17C7-4565-B779-910AB7DF9FBB}.Release|x86.Build.0 = Release|iPhone
		{A3C5D61A-17C7-4565-B779-910AB7DF9FBB}.Release|x86.Deploy.0 = Release|iPhone
		{CF7A0A6A-3279-406C-934B-594E1D20ED04}.Debug|Any CPU.ActiveCfg = Debug|Any CPU
		{CF7A0A6A-3279-406C-934B-594E1D20ED04}.Debug|Any CPU.Build.0 = Debug|Any CPU
		{CF7A0A6A-3279-406C-934B-594E1D20ED04}.Debug|Any CPU.Deploy.0 = Debug|Any CPU
		{CF7A0A6A-3279-406C-934B-594E1D20ED04}.Debug|ARM.ActiveCfg = Debug|Any CPU
		{CF7A0A6A-3279-406C-934B-594E1D20ED04}.Debug|ARM.Build.0 = Debug|Any CPU
		{CF7A0A6A-3279-406C-934B-594E1D20ED04}.Debug|ARM.Deploy.0 = Debug|Any CPU
		{CF7A0A6A-3279-406C-934B-594E1D20ED04}.Debug|iPhone.ActiveCfg = Debug|Any CPU
		{CF7A0A6A-3279-406C-934B-594E1D20ED04}.Debug|iPhone.Build.0 = Debug|Any CPU
		{CF7A0A6A-3279-406C-934B-594E1D20ED04}.Debug|iPhone.Deploy.0 = Debug|Any CPU
		{CF7A0A6A-3279-406C-934B-594E1D20ED04}.Debug|iPhoneSimulator.ActiveCfg = Debug|Any CPU
		{CF7A0A6A-3279-406C-934B-594E1D20ED04}.Debug|iPhoneSimulator.Build.0 = Debug|Any CPU
		{CF7A0A6A-3279-406C-934B-594E1D20ED04}.Debug|iPhoneSimulator.Deploy.0 = Debug|Any CPU
		{CF7A0A6A-3279-406C-934B-594E1D20ED04}.Debug|x64.ActiveCfg = Debug|Any CPU
		{CF7A0A6A-3279-406C-934B-594E1D20ED04}.Debug|x64.Build.0 = Debug|Any CPU
		{CF7A0A6A-3279-406C-934B-594E1D20ED04}.Debug|x64.Deploy.0 = Debug|Any CPU
		{CF7A0A6A-3279-406C-934B-594E1D20ED04}.Debug|x86.ActiveCfg = Debug|Any CPU
		{CF7A0A6A-3279-406C-934B-594E1D20ED04}.Debug|x86.Build.0 = Debug|Any CPU
		{CF7A0A6A-3279-406C-934B-594E1D20ED04}.Debug|x86.Deploy.0 = Debug|Any CPU
		{CF7A0A6A-3279-406C-934B-594E1D20ED04}.Release|Any CPU.ActiveCfg = Release|Any CPU
		{CF7A0A6A-3279-406C-934B-594E1D20ED04}.Release|Any CPU.Build.0 = Release|Any CPU
		{CF7A0A6A-3279-406C-934B-594E1D20ED04}.Release|Any CPU.Deploy.0 = Release|Any CPU
		{CF7A0A6A-3279-406C-934B-594E1D20ED04}.Release|ARM.ActiveCfg = Release|Any CPU
		{CF7A0A6A-3279-406C-934B-594E1D20ED04}.Release|ARM.Build.0 = Release|Any CPU
		{CF7A0A6A-3279-406C-934B-594E1D20ED04}.Release|ARM.Deploy.0 = Release|Any CPU
		{CF7A0A6A-3279-406C-934B-594E1D20ED04}.Release|iPhone.ActiveCfg = Release|Any CPU
		{CF7A0A6A-3279-406C-934B-594E1D20ED04}.Release|iPhone.Build.0 = Release|Any CPU
		{CF7A0A6A-3279-406C-934B-594E1D20ED04}.Release|iPhone.Deploy.0 = Release|Any CPU
		{CF7A0A6A-3279-406C-934B-594E1D20ED04}.Release|iPhoneSimulator.ActiveCfg = Release|Any CPU
		{CF7A0A6A-3279-406C-934B-594E1D20ED04}.Release|iPhoneSimulator.Build.0 = Release|Any CPU
		{CF7A0A6A-3279-406C-934B-594E1D20ED04}.Release|iPhoneSimulator.Deploy.0 = Release|Any CPU
		{CF7A0A6A-3279-406C-934B-594E1D20ED04}.Release|x64.ActiveCfg = Release|Any CPU
		{CF7A0A6A-3279-406C-934B-594E1D20ED04}.Release|x64.Build.0 = Release|Any CPU
		{CF7A0A6A-3279-406C-934B-594E1D20ED04}.Release|x64.Deploy.0 = Release|Any CPU
		{CF7A0A6A-3279-406C-934B-594E1D20ED04}.Release|x86.ActiveCfg = Release|Any CPU
		{CF7A0A6A-3279-406C-934B-594E1D20ED04}.Release|x86.Build.0 = Release|Any CPU
		{CF7A0A6A-3279-406C-934B-594E1D20ED04}.Release|x86.Deploy.0 = Release|Any CPU
	EndGlobalSection
	GlobalSection(SolutionProperties) = preSolution
		HideSolutionNode = FALSE
	EndGlobalSection
	GlobalSection(ExtensibilityGlobals) = postSolution
		SolutionGuid = {D7B3CBC6-3033-4DE9-88B9-78AE6B13793B}
	EndGlobalSection
EndGlobal
